
Microsoft Visual Studio Solution File, Format Version 12.00
# Visual Studio Version 17
VisualStudioVersion = 17.10.35013.160
MinimumVisualStudioVersion = 10.0.40219.1
Project("{FAE04EC0-301F-11D3-BF4B-00C04F79EFBC}") = "Extensionator", "Extensionator\Extensionator.csproj", "{FFB79E41-EB1E-4836-A54D-73A3462E860D}"
EndProject
Project("{FAE04EC0-301F-11D3-BF4B-00C04F79EFBC}") = "Extensionator.Tests", "Extensionator.Tests\Extensionator.Tests.csproj", "{9C2F26F7-46C1-4988-AFD0-058ACFB42870}"
EndProject
Global
	GlobalSection(SolutionConfigurationPlatforms) = preSolution
		Debug|Any CPU = Debug|Any CPU
		Release|Any CPU = Release|Any CPU
	EndGlobalSection
	GlobalSection(ProjectConfigurationPlatforms) = postSolution
		{FFB79E41-EB1E-4836-A54D-73A3462E860D}.Debug|Any CPU.ActiveCfg = Debug|Any CPU
		{FFB79E41-EB1E-4836-A54D-73A3462E860D}.Debug|Any CPU.Build.0 = Debug|Any CPU
		{FFB79E41-EB1E-4836-A54D-73A3462E860D}.Release|Any CPU.ActiveCfg = Release|Any CPU
		{FFB79E41-EB1E-4836-A54D-73A3462E860D}.Release|Any CPU.Build.0 = Release|Any CPU
		{9C2F26F7-46C1-4988-AFD0-058ACFB42870}.Debug|Any CPU.ActiveCfg = Debug|Any CPU
		{9C2F26F7-46C1-4988-AFD0-058ACFB42870}.Debug|Any CPU.Build.0 = Debug|Any CPU
		{9C2F26F7-46C1-4988-AFD0-058ACFB42870}.Release|Any CPU.ActiveCfg = Release|Any CPU
		{9C2F26F7-46C1-4988-AFD0-058ACFB42870}.Release|Any CPU.Build.0 = Release|Any CPU
	EndGlobalSection
	GlobalSection(SolutionProperties) = preSolution
		HideSolutionNode = FALSE
	EndGlobalSection
	GlobalSection(ExtensibilityGlobals) = postSolution
		SolutionGuid = {2891E023-5F20-4A55-93EF-97D55AE31B62}
	EndGlobalSection
EndGlobal
